
Microsoft Visual Studio Solution File, Format Version 12.00
# Visual Studio Version 16
VisualStudioVersion = 16.0.30717.126
MinimumVisualStudioVersion = 10.0.40219.1
Project("{FAE04EC0-301F-11D3-BF4B-00C04F79EFBC}") = "GUI", "GUI\GUI.csproj", "{C77DCF40-4CF9-4EFA-BFCE-8FB71DB6DF8A}"
EndProject
Project("{FAE04EC0-301F-11D3-BF4B-00C04F79EFBC}") = "BUSINESS", "BUSINESS\BUSINESS.csproj", "{2BEB4886-16A3-438B-B663-461074FA535F}"
EndProject
Project("{FAE04EC0-301F-11D3-BF4B-00C04F79EFBC}") = "DAL", "DAL\DAL.csproj", "{1AC8284D-52F1-4EF8-93D9-6F370827B11E}"
EndProject
Global
	GlobalSection(SolutionConfigurationPlatforms) = preSolution
		Debug|Any CPU = Debug|Any CPU
		Release|Any CPU = Release|Any CPU
	EndGlobalSection
	GlobalSection(ProjectConfigurationPlatforms) = postSolution
		{C77DCF40-4CF9-4EFA-BFCE-8FB71DB6DF8A}.Debug|Any CPU.ActiveCfg = Debug|Any CPU
		{C77DCF40-4CF9-4EFA-BFCE-8FB71DB6DF8A}.Debug|Any CPU.Build.0 = Debug|Any CPU
		{C77DCF40-4CF9-4EFA-BFCE-8FB71DB6DF8A}.Release|Any CPU.ActiveCfg = Release|Any CPU
		{C77DCF40-4CF9-4EFA-BFCE-8FB71DB6DF8A}.Release|Any CPU.Build.0 = Release|Any CPU
		{2BEB4886-16A3-438B-B663-461074FA535F}.Debug|Any CPU.ActiveCfg = Debug|Any CPU
		{2BEB4886-16A3-438B-B663-461074FA535F}.Debug|Any CPU.Build.0 = Debug|Any CPU
		{2BEB4886-16A3-438B-B663-461074FA535F}.Release|Any CPU.ActiveCfg = Release|Any CPU
		{2BEB4886-16A3-438B-B663-461074FA535F}.Release|Any CPU.Build.0 = Release|Any CPU
		{1AC8284D-52F1-4EF8-93D9-6F370827B11E}.Debug|Any CPU.ActiveCfg = Debug|Any CPU
		{1AC8284D-52F1-4EF8-93D9-6F370827B11E}.Debug|Any CPU.Build.0 = Debug|Any CPU
		{1AC8284D-52F1-4EF8-93D9-6F370827B11E}.Release|Any CPU.ActiveCfg = Release|Any CPU
		{1AC8284D-52F1-4EF8-93D9-6F370827B11E}.Release|Any CPU.Build.0 = Release|Any CPU
	EndGlobalSection
	GlobalSection(SolutionProperties) = preSolution
		HideSolutionNode = FALSE
	EndGlobalSection
	GlobalSection(ExtensibilityGlobals) = postSolution
		SolutionGuid = {42B8B322-999F-4318-9070-60CDA4C89885}
	EndGlobalSection
EndGlobal
